PODS:
  - CYLDeallocBlockExecutor (1.3.0)
  - Masonry (1.1.0)
  - TMMasonryExtends (1.0):
    - Masonry (~> 1.1)

DEPENDENCIES:
  - CYLDeallocBlockExecutor
  - TMMasonryExtends (from `../`)

SPEC REPOS:
  https://github.com/cocoapods/specs.git:
    - CYLDeallocBlockExecutor
    - Masonry

EXTERNAL SOURCES:
  TMMasonryExtends:
    :path: "../"

SPEC CHECKSUMS:
  CYLDeallocBlockExecutor: 974972501ab3cd2ebf592aac5a1f861c8d54deed
  Masonry: 678fab65091a9290e40e2832a55e7ab731aad201
  TMMasonryExtends: 27014218e890f7c2bb0e11e8aa6ae16c2640696a

PODFILE CHECKSUM: c36c51941566a3df8f4a1994b13ce50653c53bc6

COCOAPODS: 1.7.5
